
Microsoft Visual Studio Solution File, Format Version 12.00
# Visual Studio 14
VisualStudioVersion = 14.0.23107.0
MinimumVisualStudioVersion = 10.0.40219.1
Project("{FAE04EC0-301F-11D3-BF4B-00C04F79EFBC}") = "Troubleshooter_2", "Troubleshooter_2\Troubleshooter_2.csproj", "{CED0C402-2041-4E43-931D-124BF6AE4759}"
EndProject
Project("{2150E333-8FDC-42A3-9474-1A3956D46DE8}") = "Solution Items", "Solution Items", "{4A48A5B5-E8FC-4121-9EB5-00FB71D8FF3F}"
	ProjectSection(SolutionItems) = preProject
		Notes.txt = Notes.txt
	EndProjectSection
EndProject
Global
	GlobalSection(SolutionConfigurationPlatforms) = preSolution
		Debug|Any CPU = Debug|Any CPU
		Release|Any CPU = Release|Any CPU
	EndGlobalSection
	GlobalSection(ProjectConfigurationPlatforms) = postSolution
		{CED0C402-2041-4E43-931D-124BF6AE4759}.Debug|Any CPU.ActiveCfg = Debug|Any CPU
		{CED0C402-2041-4E43-931D-124BF6AE4759}.Debug|Any CPU.Build.0 = Debug|Any CPU
		{CED0C402-2041-4E43-931D-124BF6AE4759}.Release|Any CPU.ActiveCfg = Release|Any CPU
		{CED0C402-2041-4E43-931D-124BF6AE4759}.Release|Any CPU.Build.0 = Release|Any CPU
	EndGlobalSection
	GlobalSection(SolutionProperties) = preSolution
		HideSolutionNode = FALSE
	EndGlobalSection
EndGlobal
